
Microsoft Visual Studio Solution File, Format Version 12.00
# Visual Studio Version 17
VisualStudioVersion = 17.10.35013.160
MinimumVisualStudioVersion = 10.0.40219.1
Project("{2150E333-8FDC-42A3-9474-1A3956D46DE8}") = "src", "src", "{F80AC557-2C14-434A-87F3-920882556EEF}"
EndProject
Project("{2150E333-8FDC-42A3-9474-1A3956D46DE8}") = "test", "test", "{F0BE5CFE-1507-4A19-91CD-4DC5534E164F}"
EndProject
Project("{9A19103F-16F7-4668-BE54-9A1E7A4F7556}") = "Bookify.Domain", "Bookify.Domain\Bookify.Domain.csproj", "{8D7759B6-CFCE-4CC2-B1AF-EA8AC41B52B7}"
EndProject
Project("{9A19103F-16F7-4668-BE54-9A1E7A4F7556}") = "Bookify.Application", "Bookify.Application\Bookify.Application.csproj", "{55D5C319-6F3B-4A97-8F87-E2CEAC458810}"
EndProject
Project("{FAE04EC0-301F-11D3-BF4B-00C04F79EFBC}") = "Bookify.Infrastructure", "Bookify.Infrastructure\Bookify.Infrastructure.csproj", "{6F28913B-3E8B-4692-AD9E-2B616409BC70}"
EndProject
Global
	GlobalSection(SolutionConfigurationPlatforms) = preSolution
		Debug|Any CPU = Debug|Any CPU
		Release|Any CPU = Release|Any CPU
	EndGlobalSection
	GlobalSection(ProjectConfigurationPlatforms) = postSolution
		{8D7759B6-CFCE-4CC2-B1AF-EA8AC41B52B7}.Debug|Any CPU.ActiveCfg = Debug|Any CPU
		{8D7759B6-CFCE-4CC2-B1AF-EA8AC41B52B7}.Debug|Any CPU.Build.0 = Debug|Any CPU
		{8D7759B6-CFCE-4CC2-B1AF-EA8AC41B52B7}.Release|Any CPU.ActiveCfg = Release|Any CPU
		{8D7759B6-CFCE-4CC2-B1AF-EA8AC41B52B7}.Release|Any CPU.Build.0 = Release|Any CPU
		{55D5C319-6F3B-4A97-8F87-E2CEAC458810}.Debug|Any CPU.ActiveCfg = Debug|Any CPU
		{55D5C319-6F3B-4A97-8F87-E2CEAC458810}.Debug|Any CPU.Build.0 = Debug|Any CPU
		{55D5C319-6F3B-4A97-8F87-E2CEAC458810}.Release|Any CPU.ActiveCfg = Release|Any CPU
		{55D5C319-6F3B-4A97-8F87-E2CEAC458810}.Release|Any CPU.Build.0 = Release|Any CPU
		{6F28913B-3E8B-4692-AD9E-2B616409BC70}.Debug|Any CPU.ActiveCfg = Debug|Any CPU
		{6F28913B-3E8B-4692-AD9E-2B616409BC70}.Debug|Any CPU.Build.0 = Debug|Any CPU
		{6F28913B-3E8B-4692-AD9E-2B616409BC70}.Release|Any CPU.ActiveCfg = Release|Any CPU
		{6F28913B-3E8B-4692-AD9E-2B616409BC70}.Release|Any CPU.Build.0 = Release|Any CPU
	EndGlobalSection
	GlobalSection(SolutionProperties) = preSolution
		HideSolutionNode = FALSE
	EndGlobalSection
	GlobalSection(NestedProjects) = preSolution
		{8D7759B6-CFCE-4CC2-B1AF-EA8AC41B52B7} = {F80AC557-2C14-434A-87F3-920882556EEF}
		{55D5C319-6F3B-4A97-8F87-E2CEAC458810} = {F80AC557-2C14-434A-87F3-920882556EEF}
		{6F28913B-3E8B-4692-AD9E-2B616409BC70} = {F80AC557-2C14-434A-87F3-920882556EEF}
	EndGlobalSection
	GlobalSection(ExtensibilityGlobals) = postSolution
		SolutionGuid = {DC7B08CE-C1FD-4813-86F1-5F814BD4B68C}
	EndGlobalSection
EndGlobal
